
Microsoft Visual Studio Solution File, Format Version 12.00
# Visual Studio Version 17
VisualStudioVersion = 17.9.34728.123
MinimumVisualStudioVersion = 10.0.40219.1
Project("{9A19103F-16F7-4668-BE54-9A1E7A4F7556}") = "WebApplication1", "WebApplication1\WebApplication1.csproj", "{A8B64AD4-4599-44B9-BC43-F13D20AD1F6C}"
EndProject
Project("{FAE04EC0-301F-11D3-BF4B-00C04F79EFBC}") = "TestProject1", "TestProject1\TestProject1.csproj", "{4A8C378D-D0E0-44B2-B514-50C783947A8D}"
EndProject
Global
	GlobalSection(SolutionConfigurationPlatforms) = preSolution
		Debug|Any CPU = Debug|Any CPU
		Release|Any CPU = Release|Any CPU
	EndGlobalSection
	GlobalSection(ProjectConfigurationPlatforms) = postSolution
		{A8B64AD4-4599-44B9-BC43-F13D20AD1F6C}.Debug|Any CPU.ActiveCfg = Debug|Any CPU
		{A8B64AD4-4599-44B9-BC43-F13D20AD1F6C}.Debug|Any CPU.Build.0 = Debug|Any CPU
		{A8B64AD4-4599-44B9-BC43-F13D20AD1F6C}.Release|Any CPU.ActiveCfg = Release|Any CPU
		{A8B64AD4-4599-44B9-BC43-F13D20AD1F6C}.Release|Any CPU.Build.0 = Release|Any CPU
		{4A8C378D-D0E0-44B2-B514-50C783947A8D}.Debug|Any CPU.ActiveCfg = Debug|Any CPU
		{4A8C378D-D0E0-44B2-B514-50C783947A8D}.Debug|Any CPU.Build.0 = Debug|Any CPU
		{4A8C378D-D0E0-44B2-B514-50C783947A8D}.Release|Any CPU.ActiveCfg = Release|Any CPU
		{4A8C378D-D0E0-44B2-B514-50C783947A8D}.Release|Any CPU.Build.0 = Release|Any CPU
	EndGlobalSection
	GlobalSection(SolutionProperties) = preSolution
		HideSolutionNode = FALSE
	EndGlobalSection
	GlobalSection(ExtensibilityGlobals) = postSolution
		SolutionGuid = {B5DCF64B-F247-4248-B49E-762BA68719A1}
	EndGlobalSection
EndGlobal
